
Microsoft Visual Studio Solution File, Format Version 12.00
# Visual Studio 15
VisualStudioVersion = 15.0.27703.2000
MinimumVisualStudioVersion = 10.0.40219.1
Project("{FAE04EC0-301F-11D3-BF4B-00C04F79EFBC}") = "Website", "Website\Website.csproj", "{750A1A16-BD89-4B9B-A952-09DA205A9C1D}"
EndProject
Project("{FAE04EC0-301F-11D3-BF4B-00C04F79EFBC}") = "Tests", "Tests\Tests.csproj", "{4E620835-8A97-456F-8E7D-F05B2A0855D7}"
EndProject
Global
	GlobalSection(SolutionConfigurationPlatforms) = preSolution
		Debug|Any CPU = Debug|Any CPU
		Release|Any CPU = Release|Any CPU
	EndGlobalSection
	GlobalSection(ProjectConfigurationPlatforms) = postSolution
		{750A1A16-BD89-4B9B-A952-09DA205A9C1D}.Debug|Any CPU.ActiveCfg = Debug|Any CPU
		{750A1A16-BD89-4B9B-A952-09DA205A9C1D}.Debug|Any CPU.Build.0 = Debug|Any CPU
		{750A1A16-BD89-4B9B-A952-09DA205A9C1D}.Release|Any CPU.ActiveCfg = Release|Any CPU
		{750A1A16-BD89-4B9B-A952-09DA205A9C1D}.Release|Any CPU.Build.0 = Release|Any CPU
		{4E620835-8A97-456F-8E7D-F05B2A0855D7}.Debug|Any CPU.ActiveCfg = Debug|Any CPU
		{4E620835-8A97-456F-8E7D-F05B2A0855D7}.Debug|Any CPU.Build.0 = Debug|Any CPU
		{4E620835-8A97-456F-8E7D-F05B2A0855D7}.Release|Any CPU.ActiveCfg = Release|Any CPU
		{4E620835-8A97-456F-8E7D-F05B2A0855D7}.Release|Any CPU.Build.0 = Release|Any CPU
	EndGlobalSection
	GlobalSection(SolutionProperties) = preSolution
		HideSolutionNode = FALSE
	EndGlobalSection
	GlobalSection(ExtensibilityGlobals) = postSolution
		SolutionGuid = {36968DFD-BBAB-4BED-A948-76DC7DF3785B}
	EndGlobalSection
EndGlobal
